# This file is automatically @generated by Cargo.
# It is not intended for manual editing.
[[package]]
name = "build_const"
version = "0.2.0"
source = "registry+https://github.com/rust-lang/crates.io-index"

[[package]]
name = "crc"
version = "1.7.0"
source = "registry+https://github.com/rust-lang/crates.io-index"
dependencies = [
 "build_const 0.2.0 (registry+https://github.com/rust-lang/crates.io-index)",
]

[[package]]
name = "md5"
version = "0.3.7"
source = "registry+https://github.com/rust-lang/crates.io-index"

[[package]]
name = "reverse-checksum-renamer"
version = "0.1.0"
dependencies = [
 "crc 1.7.0 (registry+https://github.com/rust-lang/crates.io-index)",
 "md5 0.3.7 (registry+https://github.com/rust-lang/crates.io-index)",
]

[metadata]
"checksum build_const 0.2.0 (registry+https://github.com/rust-lang/crates.io-index)" = "e90dc84f5e62d2ebe7676b83c22d33b6db8bd27340fb6ffbff0a364efa0cb9c9"
"checksum crc 1.7.0 (registry+https://github.com/rust-lang/crates.io-index)" = "bd5d02c0aac6bd68393ed69e00bbc2457f3e89075c6349db7189618dc4ddc1d7"
"checksum md5 0.3.7 (registry+https://github.com/rust-lang/crates.io-index)" = "daa1004633f76cdcd5a9d83ffcfe615e30ca7a2a638fcc8b8039a2dac21289d7"
